
Microsoft Visual Studio Solution File, Format Version 12.00
# Visual Studio Version 16
VisualStudioVersion = 16.0.30523.141
MinimumVisualStudioVersion = 10.0.40219.1
Project("{FAE04EC0-301F-11D3-BF4B-00C04F79EFBC}") = "BoardProject", "BoardProject.csproj", "{13B4C8B5-4B23-4BF4-855D-36C947B2D077}"
EndProject
Global
	GlobalSection(SolutionConfigurationPlatforms) = preSolution
		Debug|Any CPU = Debug|Any CPU
		Release|Any CPU = Release|Any CPU
	EndGlobalSection
	GlobalSection(ProjectConfigurationPlatforms) = postSolution
		{13B4C8B5-4B23-4BF4-855D-36C947B2D077}.Debug|Any CPU.ActiveCfg = Debug|Any CPU
		{13B4C8B5-4B23-4BF4-855D-36C947B2D077}.Debug|Any CPU.Build.0 = Debug|Any CPU
		{13B4C8B5-4B23-4BF4-855D-36C947B2D077}.Release|Any CPU.ActiveCfg = Release|Any CPU
		{13B4C8B5-4B23-4BF4-855D-36C947B2D077}.Release|Any CPU.Build.0 = Release|Any CPU
	EndGlobalSection
	GlobalSection(SolutionProperties) = preSolution
		HideSolutionNode = FALSE
	EndGlobalSection
	GlobalSection(ExtensibilityGlobals) = postSolution
		SolutionGuid = {8FFDABF2-6434-437B-B4C9-FFDA5ACC831F}
	EndGlobalSection
EndGlobal
